
Microsoft Visual Studio Solution File, Format Version 12.00
# Visual Studio Version 16
VisualStudioVersion = 16.0.31727.386
MinimumVisualStudioVersion = 10.0.40219.1
Project("{FAE04EC0-301F-11D3-BF4B-00C04F79EFBC}") = "WebApi", "WebApi\WebApi.csproj", "{C0F19DCE-F16D-40EE-81EE-8C41CCF32EF1}"
EndProject
Project("{FAE04EC0-301F-11D3-BF4B-00C04F79EFBC}") = "Abstractions", "Abstractions\Abstractions.csproj", "{CBDDD4B5-4411-45A6-9F2F-B9F15E05683D}"
EndProject
Project("{FAE04EC0-301F-11D3-BF4B-00C04F79EFBC}") = "DAL", "DAL\DAL.csproj", "{3E602AD1-2CD6-45E7-A838-F89E21316A68}"
EndProject
Project("{FAE04EC0-301F-11D3-BF4B-00C04F79EFBC}") = "BLL", "BLL\BLL.csproj", "{95A75D71-D20B-40E8-9DB4-F49ED719DE73}"
EndProject
Global
	GlobalSection(SolutionConfigurationPlatforms) = preSolution
		Debug|Any CPU = Debug|Any CPU
		Release|Any CPU = Release|Any CPU
	EndGlobalSection
	GlobalSection(ProjectConfigurationPlatforms) = postSolution
		{C0F19DCE-F16D-40EE-81EE-8C41CCF32EF1}.Debug|Any CPU.ActiveCfg = Debug|Any CPU
		{C0F19DCE-F16D-40EE-81EE-8C41CCF32EF1}.Debug|Any CPU.Build.0 = Debug|Any CPU
		{C0F19DCE-F16D-40EE-81EE-8C41CCF32EF1}.Release|Any CPU.ActiveCfg = Release|Any CPU
		{C0F19DCE-F16D-40EE-81EE-8C41CCF32EF1}.Release|Any CPU.Build.0 = Release|Any CPU
		{CBDDD4B5-4411-45A6-9F2F-B9F15E05683D}.Debug|Any CPU.ActiveCfg = Debug|Any CPU
		{CBDDD4B5-4411-45A6-9F2F-B9F15E05683D}.Debug|Any CPU.Build.0 = Debug|Any CPU
		{CBDDD4B5-4411-45A6-9F2F-B9F15E05683D}.Release|Any CPU.ActiveCfg = Release|Any CPU
		{CBDDD4B5-4411-45A6-9F2F-B9F15E05683D}.Release|Any CPU.Build.0 = Release|Any CPU
		{3E602AD1-2CD6-45E7-A838-F89E21316A68}.Debug|Any CPU.ActiveCfg = Debug|Any CPU
		{3E602AD1-2CD6-45E7-A838-F89E21316A68}.Debug|Any CPU.Build.0 = Debug|Any CPU
		{3E602AD1-2CD6-45E7-A838-F89E21316A68}.Release|Any CPU.ActiveCfg = Release|Any CPU
		{3E602AD1-2CD6-45E7-A838-F89E21316A68}.Release|Any CPU.Build.0 = Release|Any CPU
		{95A75D71-D20B-40E8-9DB4-F49ED719DE73}.Debug|Any CPU.ActiveCfg = Debug|Any CPU
		{95A75D71-D20B-40E8-9DB4-F49ED719DE73}.Debug|Any CPU.Build.0 = Debug|Any CPU
		{95A75D71-D20B-40E8-9DB4-F49ED719DE73}.Release|Any CPU.ActiveCfg = Release|Any CPU
		{95A75D71-D20B-40E8-9DB4-F49ED719DE73}.Release|Any CPU.Build.0 = Release|Any CPU
	EndGlobalSection
	GlobalSection(SolutionProperties) = preSolution
		HideSolutionNode = FALSE
	EndGlobalSection
	GlobalSection(ExtensibilityGlobals) = postSolution
		SolutionGuid = {415A7BD3-E717-4D23-A6B4-A6C23C6E1974}
	EndGlobalSection
EndGlobal
